// !$*UTF8*$!
{
	archiveVersion = 1;
	classes = {
	};
	objectVersion = 56;
	objects = {

/* Begin PBXBuildFile section */
		42633AE42A7443EE00401B5F /* BookService.swift in Sources */ = {isa = PBXBuildFile; fileRef = 42633AE32A7443EE00401B5F /* BookService.swift */; };
		4C7234852A743DE9006740F6 /* CommentView.swift in Sources */ = {isa = PBXBuildFile; fileRef = 4C7234842A743DE9006740F6 /* CommentView.swift */; };
		4CDD3BA82A730790001519C3 /* BookView.swift in Sources */ = {isa = PBXBuildFile; fileRef = 4CDD3BA72A730790001519C3 /* BookView.swift */; };
		4CDD3BAD2A73087C001519C3 /* TabViewApp.swift in Sources */ = {isa = PBXBuildFile; fileRef = 4CDD3BAC2A73087C001519C3 /* TabViewApp.swift */; };
		4CDD3BB02A7308C7001519C3 /* LibraryView.swift in Sources */ = {isa = PBXBuildFile; fileRef = 4CDD3BAF2A7308C7001519C3 /* LibraryView.swift */; };
		4CDD3BB22A7308CD001519C3 /* LibraryViewModel.swift in Sources */ = {isa = PBXBuildFile; fileRef = 4CDD3BB12A7308CD001519C3 /* LibraryViewModel.swift */; };
		4CDD3BB52A7308F7001519C3 /* OracleViewModel.swift in Sources */ = {isa = PBXBuildFile; fileRef = 4CDD3BB42A7308F7001519C3 /* OracleViewModel.swift */; };
		4CDD3BB72A7308FD001519C3 /* OracleView.swift in Sources */ = {isa = PBXBuildFile; fileRef = 4CDD3BB62A7308FD001519C3 /* OracleView.swift */; };
		4CDD3BBA2A730917001519C3 /* ChallengesView.swift in Sources */ = {isa = PBXBuildFile; fileRef = 4CDD3BB92A730917001519C3 /* ChallengesView.swift */; };
		4CDD3BBC2A730920001519C3 /* ChallengesViewModel.swift in Sources */ = {isa = PBXBuildFile; fileRef = 4CDD3BBB2A730920001519C3 /* ChallengesViewModel.swift */; };
		4CDD3BBF2A730931001519C3 /* ProfileViewModel.swift in Sources */ = {isa = PBXBuildFile; fileRef = 4CDD3BBE2A730931001519C3 /* ProfileViewModel.swift */; };
		4CDD3BC12A730938001519C3 /* ProfileView.swift in Sources */ = {isa = PBXBuildFile; fileRef = 4CDD3BC02A730938001519C3 /* ProfileView.swift */; };
		7C281A842A73255500A58E96 /* SearchView.swift in Sources */ = {isa = PBXBuildFile; fileRef = 7C281A832A73255500A58E96 /* SearchView.swift */; };
		7C281A862A73255F00A58E96 /* SearchViewModel.swift in Sources */ = {isa = PBXBuildFile; fileRef = 7C281A852A73255F00A58E96 /* SearchViewModel.swift */; };
		7C281A8D2A742A7700A58E96 /* ItemSearch.swift in Sources */ = {isa = PBXBuildFile; fileRef = 7C281A8C2A742A7700A58E96 /* ItemSearch.swift */; };
		7C281A8F2A742AE200A58E96 /* ItemSearchad.swift in Sources */ = {isa = PBXBuildFile; fileRef = 7C281A8E2A742AE200A58E96 /* ItemSearchad.swift */; };
		7C281A912A743F3A00A58E96 /* ContentCoreData.swift in Sources */ = {isa = PBXBuildFile; fileRef = 7C281A902A743F3A00A58E96 /* ContentCoreData.swift */; };
		7C281AB72A78312B00A58E96 /* SearchableView.swift in Sources */ = {isa = PBXBuildFile; fileRef = 7C281AB62A78312B00A58E96 /* SearchableView.swift */; };
		B108B8052A7193EF006D6F1C /* User.swift in Sources */ = {isa = PBXBuildFile; fileRef = B108B8042A7193EF006D6F1C /* User.swift */; };
		B108B8072A719406006D6F1C /* Badge.swift in Sources */ = {isa = PBXBuildFile; fileRef = B108B8062A719406006D6F1C /* Badge.swift */; };
		B108B8092A719415006D6F1C /* Book.swift in Sources */ = {isa = PBXBuildFile; fileRef = B108B8082A719415006D6F1C /* Book.swift */; };
		B108B80C2A71942A006D6F1C /* Review.swift in Sources */ = {isa = PBXBuildFile; fileRef = B108B80B2A71942A006D6F1C /* Review.swift */; };
		B108B80E2A719431006D6F1C /* Goal.swift in Sources */ = {isa = PBXBuildFile; fileRef = B108B80D2A719431006D6F1C /* Goal.swift */; };
		B108B8102A71943F006D6F1C /* Folder.swift in Sources */ = {isa = PBXBuildFile; fileRef = B108B80F2A71943F006D6F1C /* Folder.swift */; };
		B108B8132A7194CC006D6F1C /* CKProtocol.swift in Sources */ = {isa = PBXBuildFile; fileRef = B108B8122A7194CC006D6F1C /* CKProtocol.swift */; };
		B1D861C92A7045AE00CAD142 /* BookAppApp.swift in Sources */ = {isa = PBXBuildFile; fileRef = B1D861C82A7045AE00CAD142 /* BookAppApp.swift */; };
		B1D861CB2A7045AE00CAD142 /* ContentView.swift in Sources */ = {isa = PBXBuildFile; fileRef = B1D861CA2A7045AE00CAD142 /* ContentView.swift */; };
		B1D861CD2A7045AF00CAD142 /* Assets.xcassets in Resources */ = {isa = PBXBuildFile; fileRef = B1D861CC2A7045AF00CAD142 /* Assets.xcassets */; };
		B1D861D02A7045AF00CAD142 /* Preview Assets.xcassets in Resources */ = {isa = PBXBuildFile; fileRef = B1D861CF2A7045AF00CAD142 /* Preview Assets.xcassets */; };
		B1D861D22A7045AF00CAD142 /* Persistence.swift in Sources */ = {isa = PBXBuildFile; fileRef = B1D861D12A7045AF00CAD142 /* Persistence.swift */; };
		B1D861D52A7045AF00CAD142 /* BookApp.xcdatamodeld in Sources */ = {isa = PBXBuildFile; fileRef = B1D861D32A7045AF00CAD142 /* BookApp.xcdatamodeld */; };
/* End PBXBuildFile section */

/* Begin PBXFileReference section */
		422E89BB2A788F1600FADC5C /* Info.plist */ = {isa = PBXFileReference; lastKnownFileType = text.plist.xml; path = Info.plist; sourceTree = "<group>"; };
		42633AE32A7443EE00401B5F /* BookService.swift */ = {isa = PBXFileReference; lastKnownFileType = sourcecode.swift; path = BookService.swift; sourceTree = "<group>"; };
		4C7234842A743DE9006740F6 /* CommentView.swift */ = {isa = PBXFileReference; lastKnownFileType = sourcecode.swift; path = CommentView.swift; sourceTree = "<group>"; };
		4CDD3BA72A730790001519C3 /* BookView.swift */ = {isa = PBXFileReference; lastKnownFileType = sourcecode.swift; path = BookView.swift; sourceTree = "<group>"; };
		4CDD3BAC2A73087C001519C3 /* TabViewApp.swift */ = {isa = PBXFileReference; lastKnownFileType = sourcecode.swift; path = TabViewApp.swift; sourceTree = "<group>"; };
		4CDD3BAF2A7308C7001519C3 /* LibraryView.swift */ = {isa = PBXFileReference; lastKnownFileType = sourcecode.swift; path = LibraryView.swift; sourceTree = "<group>"; };
		4CDD3BB12A7308CD001519C3 /* LibraryViewModel.swift */ = {isa = PBXFileReference; lastKnownFileType = sourcecode.swift; path = LibraryViewModel.swift; sourceTree = "<group>"; };
		4CDD3BB42A7308F7001519C3 /* OracleViewModel.swift */ = {isa = PBXFileReference; lastKnownFileType = sourcecode.swift; path = OracleViewModel.swift; sourceTree = "<group>"; };
		4CDD3BB62A7308FD001519C3 /* OracleView.swift */ = {isa = PBXFileReference; lastKnownFileType = sourcecode.swift; path = OracleView.swift; sourceTree = "<group>"; };
		4CDD3BB92A730917001519C3 /* ChallengesView.swift */ = {isa = PBXFileReference; lastKnownFileType = sourcecode.swift; path = ChallengesView.swift; sourceTree = "<group>"; };
		4CDD3BBB2A730920001519C3 /* ChallengesViewModel.swift */ = {isa = PBXFileReference; lastKnownFileType = sourcecode.swift; path = ChallengesViewModel.swift; sourceTree = "<group>"; };
		4CDD3BBE2A730931001519C3 /* ProfileViewModel.swift */ = {isa = PBXFileReference; lastKnownFileType = sourcecode.swift; path = ProfileViewModel.swift; sourceTree = "<group>"; };
		4CDD3BC02A730938001519C3 /* ProfileView.swift */ = {isa = PBXFileReference; lastKnownFileType = sourcecode.swift; path = ProfileView.swift; sourceTree = "<group>"; };
		7C281A832A73255500A58E96 /* SearchView.swift */ = {isa = PBXFileReference; lastKnownFileType = sourcecode.swift; path = SearchView.swift; sourceTree = "<group>"; };
		7C281A852A73255F00A58E96 /* SearchViewModel.swift */ = {isa = PBXFileReference; lastKnownFileType = sourcecode.swift; path = SearchViewModel.swift; sourceTree = "<group>"; };
		7C281A8C2A742A7700A58E96 /* ItemSearch.swift */ = {isa = PBXFileReference; lastKnownFileType = sourcecode.swift; path = ItemSearch.swift; sourceTree = "<group>"; };
		7C281A8E2A742AE200A58E96 /* ItemSearchad.swift */ = {isa = PBXFileReference; lastKnownFileType = sourcecode.swift; path = ItemSearchad.swift; sourceTree = "<group>"; };
		7C281A902A743F3A00A58E96 /* ContentCoreData.swift */ = {isa = PBXFileReference; lastKnownFileType = sourcecode.swift; path = ContentCoreData.swift; sourceTree = "<group>"; };
		7C281AB62A78312B00A58E96 /* SearchableView.swift */ = {isa = PBXFileReference; lastKnownFileType = sourcecode.swift; path = SearchableView.swift; sourceTree = "<group>"; };
		B108B8042A7193EF006D6F1C /* User.swift */ = {isa = PBXFileReference; lastKnownFileType = sourcecode.swift; path = User.swift; sourceTree = "<group>"; };
		B108B8062A719406006D6F1C /* Badge.swift */ = {isa = PBXFileReference; lastKnownFileType = sourcecode.swift; path = Badge.swift; sourceTree = "<group>"; };
		B108B8082A719415006D6F1C /* Book.swift */ = {isa = PBXFileReference; lastKnownFileType = sourcecode.swift; path = Book.swift; sourceTree = "<group>"; };
		B108B80B2A71942A006D6F1C /* Review.swift */ = {isa = PBXFileReference; lastKnownFileType = sourcecode.swift; path = Review.swift; sourceTree = "<group>"; };
		B108B80D2A719431006D6F1C /* Goal.swift */ = {isa = PBXFileReference; lastKnownFileType = sourcecode.swift; path = Goal.swift; sourceTree = "<group>"; };
		B108B80F2A71943F006D6F1C /* Folder.swift */ = {isa = PBXFileReference; lastKnownFileType = sourcecode.swift; path = Folder.swift; sourceTree = "<group>"; };
		B108B8122A7194CC006D6F1C /* CKProtocol.swift */ = {isa = PBXFileReference; lastKnownFileType = sourcecode.swift; path = CKProtocol.swift; sourceTree = "<group>"; };
		B1D861C52A7045AD00CAD142 /* BookApp.app */ = {isa = PBXFileReference; explicitFileType = wrapper.application; includeInIndex = 0; path = BookApp.app; sourceTree = BUILT_PRODUCTS_DIR; };
		B1D861C82A7045AE00CAD142 /* BookAppApp.swift */ = {isa = PBXFileReference; lastKnownFileType = sourcecode.swift; path = BookAppApp.swift; sourceTree = "<group>"; };
		B1D861CA2A7045AE00CAD142 /* ContentView.swift */ = {isa = PBXFileReference; lastKnownFileType = sourcecode.swift; path = ContentView.swift; sourceTree = "<group>"; };
		B1D861CC2A7045AF00CAD142 /* Assets.xcassets */ = {isa = PBXFileReference; lastKnownFileType = folder.assetcatalog; path = Assets.xcassets; sourceTree = "<group>"; };
		B1D861CF2A7045AF00CAD142 /* Preview Assets.xcassets */ = {isa = PBXFileReference; lastKnownFileType = folder.assetcatalog; path = "Preview Assets.xcassets"; sourceTree = "<group>"; };
		B1D861D12A7045AF00CAD142 /* Persistence.swift */ = {isa = PBXFileReference; lastKnownFileType = sourcecode.swift; path = Persistence.swift; sourceTree = "<group>"; };
		B1D861D42A7045AF00CAD142 /* BookApp.xcdatamodel */ = {isa = PBXFileReference; lastKnownFileType = wrapper.xcdatamodel; path = BookApp.xcdatamodel; sourceTree = "<group>"; };
		B1D861DD2A705F4400CAD142 /* BookApp.entitlements */ = {isa = PBXFileReference; lastKnownFileType = text.plist.entitlements; path = BookApp.entitlements; sourceTree = "<group>"; };
/* End PBXFileReference section */

/* Begin PBXFrameworksBuildPhase section */
		B1D861C22A7045AD00CAD142 /* Frameworks */ = {
			isa = PBXFrameworksBuildPhase;
			buildActionMask = 2147483647;
			files = (
			);
			runOnlyForDeploymentPostprocessing = 0;
		};
/* End PBXFrameworksBuildPhase section */

/* Begin PBXGroup section */
		42633AE22A7443C800401B5F /* Service */ = {
			isa = PBXGroup;
			children = (
				42633AE32A7443EE00401B5F /* BookService.swift */,
			);
			path = Service;
			sourceTree = "<group>";
		};
		4CDD3BA62A730785001519C3 /* Book */ = {
			isa = PBXGroup;
			children = (
				4CDD3BA72A730790001519C3 /* BookView.swift */,
			);
			path = Book;
			sourceTree = "<group>";
		};
		4CDD3BAB2A7307FB001519C3 /* TabBar */ = {
			isa = PBXGroup;
			children = (
				4CDD3BAC2A73087C001519C3 /* TabViewApp.swift */,
			);
			path = TabBar;
			sourceTree = "<group>";
		};
		4CDD3BAE2A7308B4001519C3 /* Library */ = {
			isa = PBXGroup;
			children = (
				4CDD3BAF2A7308C7001519C3 /* LibraryView.swift */,
				4CDD3BB12A7308CD001519C3 /* LibraryViewModel.swift */,
			);
			path = Library;
			sourceTree = "<group>";
		};
		4CDD3BB32A7308D0001519C3 /* Oracle */ = {
			isa = PBXGroup;
			children = (
				4CDD3BB62A7308FD001519C3 /* OracleView.swift */,
				4CDD3BB42A7308F7001519C3 /* OracleViewModel.swift */,
			);
			path = Oracle;
			sourceTree = "<group>";
		};
		4CDD3BB82A730902001519C3 /* Challenges */ = {
			isa = PBXGroup;
			children = (
				4CDD3BB92A730917001519C3 /* ChallengesView.swift */,
				4CDD3BBB2A730920001519C3 /* ChallengesViewModel.swift */,
			);
			path = Challenges;
			sourceTree = "<group>";
		};
		4CDD3BBD2A730922001519C3 /* Profile */ = {
			isa = PBXGroup;
			children = (
				4CDD3BC02A730938001519C3 /* ProfileView.swift */,
				4CDD3BBE2A730931001519C3 /* ProfileViewModel.swift */,
				4C7234842A743DE9006740F6 /* CommentView.swift */,
			);
			path = Profile;
			sourceTree = "<group>";
		};
		7C281A872A73256500A58E96 /* Search */ = {
			isa = PBXGroup;
			children = (
				7C281AB62A78312B00A58E96 /* SearchableView.swift */,
				7C281A8E2A742AE200A58E96 /* ItemSearchad.swift */,
				7C281A852A73255F00A58E96 /* SearchViewModel.swift */,
				7C281A8C2A742A7700A58E96 /* ItemSearch.swift */,
				7C281A832A73255500A58E96 /* SearchView.swift */,
			);
			path = Search;
			sourceTree = "<group>";
		};
		B108B8112A7194B9006D6F1C /* Protocol */ = {
			isa = PBXGroup;
			children = (
				B108B8122A7194CC006D6F1C /* CKProtocol.swift */,
			);
			path = Protocol;
			sourceTree = "<group>";
		};
		B1D861BC2A7045AD00CAD142 = {
			isa = PBXGroup;
			children = (
				B1D861C72A7045AD00CAD142 /* BookApp */,
				B1D861DE2A70623A00CAD142 /* Model */,
				B1D861E02A70624800CAD142 /* Flows */,
				B108B8112A7194B9006D6F1C /* Protocol */,
				42633AE22A7443C800401B5F /* Service */,
				B1D861C62A7045AD00CAD142 /* Products */,
			);
			sourceTree = "<group>";
		};
		B1D861C62A7045AD00CAD142 /* Products */ = {
			isa = PBXGroup;
			children = (
				B1D861C52A7045AD00CAD142 /* BookApp.app */,
			);
			name = Products;
			sourceTree = "<group>";
		};
		B1D861C72A7045AD00CAD142 /* BookApp */ = {
			isa = PBXGroup;
			children = (
				422E89BB2A788F1600FADC5C /* Info.plist */,
				B1D861DD2A705F4400CAD142 /* BookApp.entitlements */,
				B1D861C82A7045AE00CAD142 /* BookAppApp.swift */,
				7C281A902A743F3A00A58E96 /* ContentCoreData.swift */,
				B1D861CA2A7045AE00CAD142 /* ContentView.swift */,
				B1D861CC2A7045AF00CAD142 /* Assets.xcassets */,
				B1D861D12A7045AF00CAD142 /* Persistence.swift */,
				B1D861D32A7045AF00CAD142 /* BookApp.xcdatamodeld */,
				B1D861CE2A7045AF00CAD142 /* Preview Content */,
			);
			path = BookApp;
			sourceTree = "<group>";
		};
		B1D861CE2A7045AF00CAD142 /* Preview Content */ = {
			isa = PBXGroup;
			children = (
				B1D861CF2A7045AF00CAD142 /* Preview Assets.xcassets */,
			);
			path = "Preview Content";
			sourceTree = "<group>";
		};
		B1D861DE2A70623A00CAD142 /* Model */ = {
			isa = PBXGroup;
			children = (
				B108B8042A7193EF006D6F1C /* User.swift */,
				B108B8062A719406006D6F1C /* Badge.swift */,
				B108B8082A719415006D6F1C /* Book.swift */,
				B108B80B2A71942A006D6F1C /* Review.swift */,
				B108B80D2A719431006D6F1C /* Goal.swift */,
				B108B80F2A71943F006D6F1C /* Folder.swift */,
			);
			path = Model;
			sourceTree = "<group>";
		};
		B1D861E02A70624800CAD142 /* Flows */ = {
			isa = PBXGroup;
			children = (
				7C281A872A73256500A58E96 /* Search */,
				4CDD3BAB2A7307FB001519C3 /* TabBar */,
				4CDD3BAE2A7308B4001519C3 /* Library */,
				4CDD3BB32A7308D0001519C3 /* Oracle */,
				4CDD3BB82A730902001519C3 /* Challenges */,
				4CDD3BBD2A730922001519C3 /* Profile */,
				4CDD3BA62A730785001519C3 /* Book */,
			);
			path = Flows;
			sourceTree = "<group>";
		};
/* End PBXGroup section */

/* Begin PBXNativeTarget section */
		B1D861C42A7045AD00CAD142 /* BookApp */ = {
			isa = PBXNativeTarget;
			buildConfigurationList = B1D861D82A7045AF00CAD142 /* Build configuration list for PBXNativeTarget "BookApp" */;
			buildPhases = (
				B1D861C12A7045AD00CAD142 /* Sources */,
				B1D861C22A7045AD00CAD142 /* Frameworks */,
				B1D861C32A7045AD00CAD142 /* Resources */,
			);
			buildRules = (
			);
			dependencies = (
			);
			name = BookApp;
			productName = BookApp;
			productReference = B1D861C52A7045AD00CAD142 /* BookApp.app */;
			productType = "com.apple.product-type.application";
		};
/* End PBXNativeTarget section */

/* Begin PBXProject section */
		B1D861BD2A7045AD00CAD142 /* Project object */ = {
			isa = PBXProject;
			attributes = {
				BuildIndependentTargetsInParallel = 1;
				LastSwiftUpdateCheck = 1430;
				LastUpgradeCheck = 1430;
				TargetAttributes = {
					B1D861C42A7045AD00CAD142 = {
						CreatedOnToolsVersion = 14.3;
					};
				};
			};
			buildConfigurationList = B1D861C02A7045AD00CAD142 /* Build configuration list for PBXProject "BookApp" */;
			compatibilityVersion = "Xcode 14.0";
			developmentRegion = en;
			hasScannedForEncodings = 0;
			knownRegions = (
				en,
				Base,
			);
			mainGroup = B1D861BC2A7045AD00CAD142;
			productRefGroup = B1D861C62A7045AD00CAD142 /* Products */;
			projectDirPath = "";
			projectRoot = "";
			targets = (
				B1D861C42A7045AD00CAD142 /* BookApp */,
			);
		};
/* End PBXProject section */

/* Begin PBXResourcesBuildPhase section */
		B1D861C32A7045AD00CAD142 /* Resources */ = {
			isa = PBXResourcesBuildPhase;
			buildActionMask = 2147483647;
			files = (
				B1D861D02A7045AF00CAD142 /* Preview Assets.xcassets in Resources */,
				B1D861CD2A7045AF00CAD142 /* Assets.xcassets in Resources */,
			);
			runOnlyForDeploymentPostprocessing = 0;
		};
/* End PBXResourcesBuildPhase section */

/* Begin PBXSourcesBuildPhase section */
		B1D861C12A7045AD00CAD142 /* Sources */ = {
			isa = PBXSourcesBuildPhase;
			buildActionMask = 2147483647;
			files = (
				B1D861D52A7045AF00CAD142 /* BookApp.xcdatamodeld in Sources */,
				4CDD3BB22A7308CD001519C3 /* LibraryViewModel.swift in Sources */,
				B108B8102A71943F006D6F1C /* Folder.swift in Sources */,
				7C281A8D2A742A7700A58E96 /* ItemSearch.swift in Sources */,
				4CDD3BBA2A730917001519C3 /* ChallengesView.swift in Sources */,
				B108B80C2A71942A006D6F1C /* Review.swift in Sources */,
				7C281A912A743F3A00A58E96 /* ContentCoreData.swift in Sources */,
				4CDD3BBF2A730931001519C3 /* ProfileViewModel.swift in Sources */,
				4CDD3BBC2A730920001519C3 /* ChallengesViewModel.swift in Sources */,
				4CDD3BA82A730790001519C3 /* BookView.swift in Sources */,
				B108B8132A7194CC006D6F1C /* CKProtocol.swift in Sources */,
				4CDD3BAD2A73087C001519C3 /* TabViewApp.swift in Sources */,
				B108B8072A719406006D6F1C /* Badge.swift in Sources */,
				B108B8092A719415006D6F1C /* Book.swift in Sources */,
				7C281A842A73255500A58E96 /* SearchView.swift in Sources */,
				7C281A8F2A742AE200A58E96 /* ItemSearchad.swift in Sources */,
				42633AE42A7443EE00401B5F /* BookService.swift in Sources */,
				7C281AB72A78312B00A58E96 /* SearchableView.swift in Sources */,
				4CDD3BB72A7308FD001519C3 /* OracleView.swift in Sources */,
				B1D861D22A7045AF00CAD142 /* Persistence.swift in Sources */,
				B1D861CB2A7045AE00CAD142 /* ContentView.swift in Sources */,
				4CDD3BB52A7308F7001519C3 /* OracleViewModel.swift in Sources */,
				7C281A862A73255F00A58E96 /* SearchViewModel.swift in Sources */,
				B108B8052A7193EF006D6F1C /* User.swift in Sources */,
				B108B80E2A719431006D6F1C /* Goal.swift in Sources */,
				4CDD3BB02A7308C7001519C3 /* LibraryView.swift in Sources */,
				4CDD3BC12A730938001519C3 /* ProfileView.swift in Sources */,
				4C7234852A743DE9006740F6 /* CommentView.swift in Sources */,
				B1D861C92A7045AE00CAD142 /* BookAppApp.swift in Sources */,
			);
			runOnlyForDeploymentPostprocessing = 0;
		};
/* End PBXSourcesBuildPhase section */

/* Begin XCBuildConfiguration section */
		B1D861D62A7045AF00CAD142 /* Debug */ = {
			isa = XCBuildConfiguration;
			buildSettings = {
				ALWAYS_SEARCH_USER_PATHS = NO;
				CLANG_ANALYZER_NONNULL = YES;
				CLANG_ANALYZER_NUMBER_OBJECT_CONVERSION = YES_AGGRESSIVE;
				CLANG_CXX_LANGUAGE_STANDARD = "gnu++20";
				CLANG_ENABLE_MODULES = YES;
				CLANG_ENABLE_OBJC_ARC = YES;
				CLANG_ENABLE_OBJC_WEAK = YES;
				CLANG_WARN_BLOCK_CAPTURE_AUTORELEASING = YES;
				CLANG_WARN_BOOL_CONVERSION = YES;
				CLANG_WARN_COMMA = YES;
				CLANG_WARN_CONSTANT_CONVERSION = YES;
				CLANG_WARN_DEPRECATED_OBJC_IMPLEMENTATIONS = YES;
				CLANG_WARN_DIRECT_OBJC_ISA_USAGE = YES_ERROR;
				CLANG_WARN_DOCUMENTATION_COMMENTS = YES;
				CLANG_WARN_EMPTY_BODY = YES;
				CLANG_WARN_ENUM_CONVERSION = YES;
				CLANG_WARN_INFINITE_RECURSION = YES;
				CLANG_WARN_INT_CONVERSION = YES;
				CLANG_WARN_NON_LITERAL_NULL_CONVERSION = YES;
				CLANG_WARN_OBJC_IMPLICIT_RETAIN_SELF = YES;
				CLANG_WARN_OBJC_LITERAL_CONVERSION = YES;
				CLANG_WARN_OBJC_ROOT_CLASS = YES_ERROR;
				CLANG_WARN_QUOTED_INCLUDE_IN_FRAMEWORK_HEADER = YES;
				CLANG_WARN_RANGE_LOOP_ANALYSIS = YES;
				CLANG_WARN_STRICT_PROTOTYPES = YES;
				CLANG_WARN_SUSPICIOUS_MOVE = YES;
				CLANG_WARN_UNGUARDED_AVAILABILITY = YES_AGGRESSIVE;
				CLANG_WARN_UNREACHABLE_CODE = YES;
				CLANG_WARN__DUPLICATE_METHOD_MATCH = YES;
				COPY_PHASE_STRIP = NO;
				DEBUG_INFORMATION_FORMAT = dwarf;
				ENABLE_STRICT_OBJC_MSGSEND = YES;
				ENABLE_TESTABILITY = YES;
				GCC_C_LANGUAGE_STANDARD = gnu11;
				GCC_DYNAMIC_NO_PIC = NO;
				GCC_NO_COMMON_BLOCKS = YES;
				GCC_OPTIMIZATION_LEVEL = 0;
				GCC_PREPROCESSOR_DEFINITIONS = (
					"DEBUG=1",
					"$(inherited)",
				);
				GCC_WARN_64_TO_32_BIT_CONVERSION = YES;
				GCC_WARN_ABOUT_RETURN_TYPE = YES_ERROR;
				GCC_WARN_UNDECLARED_SELECTOR = YES;
				GCC_WARN_UNINITIALIZED_AUTOS = YES_AGGRESSIVE;
				GCC_WARN_UNUSED_FUNCTION = YES;
				GCC_WARN_UNUSED_VARIABLE = YES;
				IPHONEOS_DEPLOYMENT_TARGET = 16.4;
				MTL_ENABLE_DEBUG_INFO = INCLUDE_SOURCE;
				MTL_FAST_MATH = YES;
				ONLY_ACTIVE_ARCH = YES;
				SDKROOT = iphoneos;
				SWIFT_ACTIVE_COMPILATION_CONDITIONS = DEBUG;
				SWIFT_OPTIMIZATION_LEVEL = "-Onone";
			};
			name = Debug;
		};
		B1D861D72A7045AF00CAD142 /* Release */ = {
			isa = XCBuildConfiguration;
			buildSettings = {
				ALWAYS_SEARCH_USER_PATHS = NO;
				CLANG_ANALYZER_NONNULL = YES;
				CLANG_ANALYZER_NUMBER_OBJECT_CONVERSION = YES_AGGRESSIVE;
				CLANG_CXX_LANGUAGE_STANDARD = "gnu++20";
				CLANG_ENABLE_MODULES = YES;
				CLANG_ENABLE_OBJC_ARC = YES;
				CLANG_ENABLE_OBJC_WEAK = YES;
				CLANG_WARN_BLOCK_CAPTURE_AUTORELEASING = YES;
				CLANG_WARN_BOOL_CONVERSION = YES;
				CLANG_WARN_COMMA = YES;
				CLANG_WARN_CONSTANT_CONVERSION = YES;
				CLANG_WARN_DEPRECATED_OBJC_IMPLEMENTATIONS = YES;
				CLANG_WARN_DIRECT_OBJC_ISA_USAGE = YES_ERROR;
				CLANG_WARN_DOCUMENTATION_COMMENTS = YES;
				CLANG_WARN_EMPTY_BODY = YES;
				CLANG_WARN_ENUM_CONVERSION = YES;
				CLANG_WARN_INFINITE_RECURSION = YES;
				CLANG_WARN_INT_CONVERSION = YES;
				CLANG_WARN_NON_LITERAL_NULL_CONVERSION = YES;
				CLANG_WARN_OBJC_IMPLICIT_RETAIN_SELF = YES;
				CLANG_WARN_OBJC_LITERAL_CONVERSION = YES;
				CLANG_WARN_OBJC_ROOT_CLASS = YES_ERROR;
				CLANG_WARN_QUOTED_INCLUDE_IN_FRAMEWORK_HEADER = YES;
				CLANG_WARN_RANGE_LOOP_ANALYSIS = YES;
				CLANG_WARN_STRICT_PROTOTYPES = YES;
				CLANG_WARN_SUSPICIOUS_MOVE = YES;
				CLANG_WARN_UNGUARDED_AVAILABILITY = YES_AGGRESSIVE;
				CLANG_WARN_UNREACHABLE_CODE = YES;
				CLANG_WARN__DUPLICATE_METHOD_MATCH = YES;
				COPY_PHASE_STRIP = NO;
				DEBUG_INFORMATION_FORMAT = "dwarf-with-dsym";
				ENABLE_NS_ASSERTIONS = NO;
				ENABLE_STRICT_OBJC_MSGSEND = YES;
				GCC_C_LANGUAGE_STANDARD = gnu11;
				GCC_NO_COMMON_BLOCKS = YES;
				GCC_WARN_64_TO_32_BIT_CONVERSION = YES;
				GCC_WARN_ABOUT_RETURN_TYPE = YES_ERROR;
				GCC_WARN_UNDECLARED_SELECTOR = YES;
				GCC_WARN_UNINITIALIZED_AUTOS = YES_AGGRESSIVE;
				GCC_WARN_UNUSED_FUNCTION = YES;
				GCC_WARN_UNUSED_VARIABLE = YES;
				IPHONEOS_DEPLOYMENT_TARGET = 16.4;
				MTL_ENABLE_DEBUG_INFO = NO;
				MTL_FAST_MATH = YES;
				SDKROOT = iphoneos;
				SWIFT_COMPILATION_MODE = wholemodule;
				SWIFT_OPTIMIZATION_LEVEL = "-O";
				VALIDATE_PRODUCT = YES;
			};
			name = Release;
		};
		B1D861D92A7045AF00CAD142 /* Debug */ = {
			isa = XCBuildConfiguration;
			buildSettings = {
				ASSETCATALOG_COMPILER_APPICON_NAME = AppIcon;
				ASSETCATALOG_COMPILER_GLOBAL_ACCENT_COLOR_NAME = AccentColor;
				CODE_SIGN_ENTITLEMENTS = BookApp/BookApp.entitlements;
				CODE_SIGN_STYLE = Automatic;
				CURRENT_PROJECT_VERSION = 1;
				DEVELOPMENT_ASSET_PATHS = "\"BookApp/Preview Content\"";
				DEVELOPMENT_TEAM = "";
				ENABLE_PREVIEWS = YES;
				GENERATE_INFOPLIST_FILE = YES;
				INFOPLIST_FILE = BookApp/Info.plist;
				INFOPLIST_KEY_UIApplicationSceneManifest_Generation = YES;
				INFOPLIST_KEY_UIApplicationSupportsIndirectInputEvents = YES;
				INFOPLIST_KEY_UILaunchScreen_Generation = YES;
				INFOPLIST_KEY_UISupportedInterfaceOrientations = UIInterfaceOrientationPortrait;
				INFOPLIST_KEY_UISupportedInterfaceOrientations_iPad = "UIInterfaceOrientationLandscapeLeft UIInterfaceOrientationLandscapeRight UIInterfaceOrientationPortrait UIInterfaceOrientationPortraitUpsideDown";
				IPHONEOS_DEPLOYMENT_TARGET = 16.0;
				LD_RUNPATH_SEARCH_PATHS = (
					"$(inherited)",
					"@executable_path/Frameworks",
				);
				MARKETING_VERSION = 1.0;
				PRODUCT_BUNDLE_IDENTIFIER = com.filipeserafini.BookApp;
				PRODUCT_NAME = "$(TARGET_NAME)";
				SUPPORTED_PLATFORMS = "iphoneos iphonesimulator";
				SUPPORTS_MACCATALYST = NO;
				SUPPORTS_MAC_DESIGNED_FOR_IPHONE_IPAD = NO;
				SWIFT_EMIT_LOC_STRINGS = YES;
				SWIFT_VERSION = 5.0;
				TARGETED_DEVICE_FAMILY = 1;
			};
			name = Debug;
		};
		B1D861DA2A7045AF00CAD142 /* Release */ = {
			isa = XCBuildConfiguration;
			buildSettings = {
				ASSETCATALOG_COMPILER_APPICON_NAME = AppIcon;
				ASSETCATALOG_COMPILER_GLOBAL_ACCENT_COLOR_NAME = AccentColor;
				CODE_SIGN_ENTITLEMENTS = BookApp/BookApp.entitlements;
				CODE_SIGN_STYLE = Automatic;
				CURRENT_PROJECT_VERSION = 1;
				DEVELOPMENT_ASSET_PATHS = "\"BookApp/Preview Content\"";
				DEVELOPMENT_TEAM = "";
				ENABLE_PREVIEWS = YES;
				GENERATE_INFOPLIST_FILE = YES;
				INFOPLIST_FILE = BookApp/Info.plist;
				INFOPLIST_KEY_UIApplicationSceneManifest_Generation = YES;
				INFOPLIST_KEY_UIApplicationSupportsIndirectInputEvents = YES;
				INFOPLIST_KEY_UILaunchScreen_Generation = YES;
				INFOPLIST_KEY_UISupportedInterfaceOrientations = UIInterfaceOrientationPortrait;
				INFOPLIST_KEY_UISupportedInterfaceOrientations_iPad = "UIInterfaceOrientationLandscapeLeft UIInterfaceOrientationLandscapeRight UIInterfaceOrientationPortrait UIInterfaceOrientationPortraitUpsideDown";
				IPHONEOS_DEPLOYMENT_TARGET = 16.0;
				LD_RUNPATH_SEARCH_PATHS = (
					"$(inherited)",
					"@executable_path/Frameworks",
				);
				MARKETING_VERSION = 1.0;
				PRODUCT_BUNDLE_IDENTIFIER = com.filipeserafini.BookApp;
				PRODUCT_NAME = "$(TARGET_NAME)";
				SUPPORTED_PLATFORMS = "iphoneos iphonesimulator";
				SUPPORTS_MACCATALYST = NO;
				SUPPORTS_MAC_DESIGNED_FOR_IPHONE_IPAD = NO;
				SWIFT_EMIT_LOC_STRINGS = YES;
				SWIFT_VERSION = 5.0;
				TARGETED_DEVICE_FAMILY = 1;
			};
			name = Release;
		};
/* End XCBuildConfiguration section */

/* Begin XCConfigurationList section */
		B1D861C02A7045AD00CAD142 /* Build configuration list for PBXProject "BookApp" */ = {
			isa = XCConfigurationList;
			buildConfigurations = (
				B1D861D62A7045AF00CAD142 /* Debug */,
				B1D861D72A7045AF00CAD142 /* Release */,
			);
			defaultConfigurationIsVisible = 0;
			defaultConfigurationName = Release;
		};
		B1D861D82A7045AF00CAD142 /* Build configuration list for PBXNativeTarget "BookApp" */ = {
			isa = XCConfigurationList;
			buildConfigurations = (
				B1D861D92A7045AF00CAD142 /* Debug */,
				B1D861DA2A7045AF00CAD142 /* Release */,
			);
			defaultConfigurationIsVisible = 0;
			defaultConfigurationName = Release;
		};
/* End XCConfigurationList section */

/* Begin XCVersionGroup section */
		B1D861D32A7045AF00CAD142 /* BookApp.xcdatamodeld */ = {
			isa = XCVersionGroup;
			children = (
				B1D861D42A7045AF00CAD142 /* BookApp.xcdatamodel */,
			);
			currentVersion = B1D861D42A7045AF00CAD142 /* BookApp.xcdatamodel */;
			path = BookApp.xcdatamodeld;
			sourceTree = "<group>";
			versionGroupType = wrapper.xcdatamodel;
		};
/* End XCVersionGroup section */
	};
	rootObject = B1D861BD2A7045AD00CAD142 /* Project object */;
}
